
Microsoft Visual Studio Solution File, Format Version 12.00
# Visual Studio Version 17
VisualStudioVersion = 17.7.34003.232
MinimumVisualStudioVersion = 10.0.40219.1
Project("{FAE04EC0-301F-11D3-BF4B-00C04F79EFBC}") = "BlogProjesi.Web", "BlogProjesi.Web\BlogProjesi.Web.csproj", "{8E3EF232-6CC8-41F2-B6FC-30C5ADB4EB6E}"
EndProject
Project("{FAE04EC0-301F-11D3-BF4B-00C04F79EFBC}") = "BlogProjesi.Entity", "BlogProjesi.Entity\BlogProjesi.Entity.csproj", "{9E6A6487-FFCC-4367-AB38-647CFA98CC21}"
EndProject
Project("{FAE04EC0-301F-11D3-BF4B-00C04F79EFBC}") = "BlogProjesi.DataAccess", "BlogProjesi.DataAccess\BlogProjesi.DataAccess.csproj", "{EB047348-461F-424C-8C3C-BF32AF32BE34}"
EndProject
Project("{FAE04EC0-301F-11D3-BF4B-00C04F79EFBC}") = "BlogProjesi.Service", "BlogProjesi.Service\BlogProjesi.Service.csproj", "{7D997DEB-1B1D-4713-ADB8-4323CDDC87D5}"
EndProject
Project("{FAE04EC0-301F-11D3-BF4B-00C04F79EFBC}") = "BlogProjesi.Core", "BlogProjesi.Core\BlogProjesi.Core.csproj", "{9FEBFDEE-C0C4-4A70-8010-9213AE3CE8F1}"
EndProject
Global
	GlobalSection(SolutionConfigurationPlatforms) = preSolution
		Debug|Any CPU = Debug|Any CPU
		Release|Any CPU = Release|Any CPU
	EndGlobalSection
	GlobalSection(ProjectConfigurationPlatforms) = postSolution
		{8E3EF232-6CC8-41F2-B6FC-30C5ADB4EB6E}.Debug|Any CPU.ActiveCfg = Debug|Any CPU
		{8E3EF232-6CC8-41F2-B6FC-30C5ADB4EB6E}.Debug|Any CPU.Build.0 = Debug|Any CPU
		{8E3EF232-6CC8-41F2-B6FC-30C5ADB4EB6E}.Release|Any CPU.ActiveCfg = Release|Any CPU
		{8E3EF232-6CC8-41F2-B6FC-30C5ADB4EB6E}.Release|Any CPU.Build.0 = Release|Any CPU
		{9E6A6487-FFCC-4367-AB38-647CFA98CC21}.Debug|Any CPU.ActiveCfg = Debug|Any CPU
		{9E6A6487-FFCC-4367-AB38-647CFA98CC21}.Debug|Any CPU.Build.0 = Debug|Any CPU
		{9E6A6487-FFCC-4367-AB38-647CFA98CC21}.Release|Any CPU.ActiveCfg = Release|Any CPU
		{9E6A6487-FFCC-4367-AB38-647CFA98CC21}.Release|Any CPU.Build.0 = Release|Any CPU
		{EB047348-461F-424C-8C3C-BF32AF32BE34}.Debug|Any CPU.ActiveCfg = Debug|Any CPU
		{EB047348-461F-424C-8C3C-BF32AF32BE34}.Debug|Any CPU.Build.0 = Debug|Any CPU
		{EB047348-461F-424C-8C3C-BF32AF32BE34}.Release|Any CPU.ActiveCfg = Release|Any CPU
		{EB047348-461F-424C-8C3C-BF32AF32BE34}.Release|Any CPU.Build.0 = Release|Any CPU
		{7D997DEB-1B1D-4713-ADB8-4323CDDC87D5}.Debug|Any CPU.ActiveCfg = Debug|Any CPU
		{7D997DEB-1B1D-4713-ADB8-4323CDDC87D5}.Debug|Any CPU.Build.0 = Debug|Any CPU
		{7D997DEB-1B1D-4713-ADB8-4323CDDC87D5}.Release|Any CPU.ActiveCfg = Release|Any CPU
		{7D997DEB-1B1D-4713-ADB8-4323CDDC87D5}.Release|Any CPU.Build.0 = Release|Any CPU
		{9FEBFDEE-C0C4-4A70-8010-9213AE3CE8F1}.Debug|Any CPU.ActiveCfg = Debug|Any CPU
		{9FEBFDEE-C0C4-4A70-8010-9213AE3CE8F1}.Debug|Any CPU.Build.0 = Debug|Any CPU
		{9FEBFDEE-C0C4-4A70-8010-9213AE3CE8F1}.Release|Any CPU.ActiveCfg = Release|Any CPU
		{9FEBFDEE-C0C4-4A70-8010-9213AE3CE8F1}.Release|Any CPU.Build.0 = Release|Any CPU
	EndGlobalSection
	GlobalSection(SolutionProperties) = preSolution
		HideSolutionNode = FALSE
	EndGlobalSection
	GlobalSection(ExtensibilityGlobals) = postSolution
		SolutionGuid = {01BAF558-B66D-4FC0-B665-05486B23AE42}
	EndGlobalSection
EndGlobal
